
Microsoft Visual Studio Solution File, Format Version 12.00
# Visual Studio 15
VisualStudioVersion = 15.0.28307.852
MinimumVisualStudioVersion = 10.0.40219.1
Project("{FAE04EC0-301F-11D3-BF4B-00C04F79EFBC}") = "ShopAPI", "ShopAPI\ShopAPI.csproj", "{602E74AF-E2E5-4D73-9B50-2FCE8AA9ACCF}"
EndProject
Global
	GlobalSection(SolutionConfigurationPlatforms) = preSolution
		Debug|Any CPU = Debug|Any CPU
		Release|Any CPU = Release|Any CPU
	EndGlobalSection
	GlobalSection(ProjectConfigurationPlatforms) = postSolution
		{602E74AF-E2E5-4D73-9B50-2FCE8AA9ACCF}.Debug|Any CPU.ActiveCfg = Debug|Any CPU
		{602E74AF-E2E5-4D73-9B50-2FCE8AA9ACCF}.Debug|Any CPU.Build.0 = Debug|Any CPU
		{602E74AF-E2E5-4D73-9B50-2FCE8AA9ACCF}.Release|Any CPU.ActiveCfg = Release|Any CPU
		{602E74AF-E2E5-4D73-9B50-2FCE8AA9ACCF}.Release|Any CPU.Build.0 = Release|Any CPU
	EndGlobalSection
	GlobalSection(SolutionProperties) = preSolution
		HideSolutionNode = FALSE
	EndGlobalSection
	GlobalSection(ExtensibilityGlobals) = postSolution
		SolutionGuid = {EBD081F9-1BD5-4BCF-BF91-356803486851}
	EndGlobalSection
EndGlobal
